
Microsoft Visual Studio Solution File, Format Version 12.00
# Visual Studio 15
Project("{FAE04EC0-301F-11D3-BF4B-00C04F79EFBC}") = "yc_psql_demo", "yc_psql_demo\yc_psql_demo.csproj", "{A87F79D5-D089-42BF-AA2A-2A70B510C7B8}"
EndProject
Project("{E53339B2-1760-4266-BCC7-CA923CBCF16C}") = "docker-compose", "docker-compose.dcproj", "{557CE0FC-C3AB-4F66-86DF-4C95C82B2B50}"
EndProject
Global
	GlobalSection(SolutionConfigurationPlatforms) = preSolution
		Debug|Any CPU = Debug|Any CPU
		Release|Any CPU = Release|Any CPU
	EndGlobalSection
	GlobalSection(ProjectConfigurationPlatforms) = postSolution
		{A87F79D5-D089-42BF-AA2A-2A70B510C7B8}.Debug|Any CPU.ActiveCfg = Debug|Any CPU
		{A87F79D5-D089-42BF-AA2A-2A70B510C7B8}.Debug|Any CPU.Build.0 = Debug|Any CPU
		{A87F79D5-D089-42BF-AA2A-2A70B510C7B8}.Release|Any CPU.ActiveCfg = Release|Any CPU
		{A87F79D5-D089-42BF-AA2A-2A70B510C7B8}.Release|Any CPU.Build.0 = Release|Any CPU
		{557CE0FC-C3AB-4F66-86DF-4C95C82B2B50}.Debug|Any CPU.ActiveCfg = Debug|Any CPU
		{557CE0FC-C3AB-4F66-86DF-4C95C82B2B50}.Debug|Any CPU.Build.0 = Debug|Any CPU
		{557CE0FC-C3AB-4F66-86DF-4C95C82B2B50}.Release|Any CPU.ActiveCfg = Release|Any CPU
		{557CE0FC-C3AB-4F66-86DF-4C95C82B2B50}.Release|Any CPU.Build.0 = Release|Any CPU
	EndGlobalSection
EndGlobal
